{
  "name": "example",
  "version": "1.0.1",
  "lockfileVersion": 1,
  "requires": true,
  "dependencies": {
    "keycode": {
      "version": "2.2.0",
      "resolved": "https://registry.npmjs.org/keycode/-/keycode-2.2.0.tgz",
      "integrity": "sha1-PQr1bce4uOXLqNCpfxByBO7CKwQ="
    },
    "use-keyboard-shortcuts-js": {
      "version": "1.0.1",
      "resolved": "https://registry.npmjs.org/use-keyboard-shortcuts-js/-/use-keyboard-shortcuts-js-1.0.1.tgz",
      "integrity": "sha512-AcCZHPlN1aU9ielgdn2O1+uVb1SccUNP1TVDpxsG7K7wLNAU/Djagisz3e4acp12QsHVccwXrCERCCXPDCutAw==",
      "requires": {
        "keycode": "^2.2.0"
      }
    }
  }
}
